
Microsoft Visual Studio Solution File, Format Version 12.00
# Visual Studio Version 16
VisualStudioVersion = 16.0.32002.261
MinimumVisualStudioVersion = 10.0.40219.1
Project("{9A19103F-16F7-4668-BE54-9A1E7A4F7556}") = "ConsoleApp2", "ConsoleApp2\ConsoleApp2.csproj", "{40342EB2-5113-4713-AD05-CF5C91E3A117}"
EndProject
Project("{9A19103F-16F7-4668-BE54-9A1E7A4F7556}") = "ConsoleApp1", "ConsoleApp1\ConsoleApp1.csproj", "{C22392E2-A653-4022-9E78-D1A7BD2A4760}"
EndProject
Global
	GlobalSection(SolutionConfigurationPlatforms) = preSolution
		Debug|Any CPU = Debug|Any CPU
		Release|Any CPU = Release|Any CPU
	EndGlobalSection
	GlobalSection(ProjectConfigurationPlatforms) = postSolution
		{40342EB2-5113-4713-AD05-CF5C91E3A117}.Debug|Any CPU.ActiveCfg = Debug|Any CPU
		{40342EB2-5113-4713-AD05-CF5C91E3A117}.Debug|Any CPU.Build.0 = Debug|Any CPU
		{40342EB2-5113-4713-AD05-CF5C91E3A117}.Release|Any CPU.ActiveCfg = Release|Any CPU
		{40342EB2-5113-4713-AD05-CF5C91E3A117}.Release|Any CPU.Build.0 = Release|Any CPU
		{C22392E2-A653-4022-9E78-D1A7BD2A4760}.Debug|Any CPU.ActiveCfg = Debug|Any CPU
		{C22392E2-A653-4022-9E78-D1A7BD2A4760}.Debug|Any CPU.Build.0 = Debug|Any CPU
		{C22392E2-A653-4022-9E78-D1A7BD2A4760}.Release|Any CPU.ActiveCfg = Release|Any CPU
		{C22392E2-A653-4022-9E78-D1A7BD2A4760}.Release|Any CPU.Build.0 = Release|Any CPU
	EndGlobalSection
	GlobalSection(SolutionProperties) = preSolution
		HideSolutionNode = FALSE
	EndGlobalSection
	GlobalSection(ExtensibilityGlobals) = postSolution
		SolutionGuid = {670FAFA7-3D8B-4164-8C80-3D52F98969A5}
	EndGlobalSection
EndGlobal
